
Microsoft Visual Studio Solution File, Format Version 12.00
# Visual Studio 15
VisualStudioVersion = 15.0.27130.2003
MinimumVisualStudioVersion = 10.0.40219.1
Project("{9A19103F-16F7-4668-BE54-9A1E7A4F7556}") = "VkNewsTracker.Console", "VkNewsTracker.Console\VkNewsTracker.Console.csproj", "{9DE7B193-85A5-4FFC-BF3A-1818DAEE230E}"
EndProject
Project("{9A19103F-16F7-4668-BE54-9A1E7A4F7556}") = "VkNewsTracker.Common", "VkNewsTracker.Common\VkNewsTracker.Common.csproj", "{7066C7A4-D907-42B3-9811-221DB02622FE}"
EndProject
Global
	GlobalSection(SolutionConfigurationPlatforms) = preSolution
		Debug|Any CPU = Debug|Any CPU
		Release|Any CPU = Release|Any CPU
	EndGlobalSection
	GlobalSection(ProjectConfigurationPlatforms) = postSolution
		{9DE7B193-85A5-4FFC-BF3A-1818DAEE230E}.Debug|Any CPU.ActiveCfg = Debug|Any CPU
		{9DE7B193-85A5-4FFC-BF3A-1818DAEE230E}.Debug|Any CPU.Build.0 = Debug|Any CPU
		{9DE7B193-85A5-4FFC-BF3A-1818DAEE230E}.Release|Any CPU.ActiveCfg = Release|Any CPU
		{9DE7B193-85A5-4FFC-BF3A-1818DAEE230E}.Release|Any CPU.Build.0 = Release|Any CPU
		{7066C7A4-D907-42B3-9811-221DB02622FE}.Debug|Any CPU.ActiveCfg = Debug|Any CPU
		{7066C7A4-D907-42B3-9811-221DB02622FE}.Debug|Any CPU.Build.0 = Debug|Any CPU
		{7066C7A4-D907-42B3-9811-221DB02622FE}.Release|Any CPU.ActiveCfg = Release|Any CPU
		{7066C7A4-D907-42B3-9811-221DB02622FE}.Release|Any CPU.Build.0 = Release|Any CPU
	EndGlobalSection
	GlobalSection(SolutionProperties) = preSolution
		HideSolutionNode = FALSE
	EndGlobalSection
	GlobalSection(ExtensibilityGlobals) = postSolution
		SolutionGuid = {8820D453-D520-46B5-B9E6-B65F719BE1A6}
	EndGlobalSection
EndGlobal
